entity_name: finalBossMovingBlock
hitboxes:
  initial_rects:
    - topleft:
        x: x
        y: y
      size:
        x: width
        y: height
standard_draw:
  initial_draw:
    - DrawRectImage:
        texture: '"G"'
        tiler: '"fg_ignore"'
        bounds:
          topleft:
            x: x
            y: y
          size:
            x: width
            y: height
selected_draw:
  node_draw:
    - DrawRectImage:
        texture: '"G"'
        tiler: '"fg_ignore"'
        bounds:
          topleft:
            x: nodex
            y: nodey
          size:
            x: width
            y: height
    - DrawLine:
        start:
          x: prevnodexorbase
          y: prevnodeyorbase
        end:
          x: nodex
          y: nodey
        arrowhead: true
        color:
          r: 255
          g: 255
          b: 0
          a: 200
resizable_x: true
resizable_y: true
minimum_size_x: 8
minimum_size_y: 8
nodes: false
pencil: Rect
