entity_name: cassetteBlock
hitboxes:
  initial_rects:
    - topleft:
        x: x
        y: y
      size:
        x: width
        y: height
standard_draw:
  initial_draw:
    - DrawRectImage:
        tiler: "cassette"
        texture: "'a'"
        bounds:
          topleft:
            x: x
            y: y
          size:
            x: width
            y: height
resizable_x: true
resizable_y: true
minimum_size_x: 16
minimum_size_y: 16
nodes: false
attribute_info: {}
pencil: Rect
