entity_name: fallingBlock
hitboxes:
  initial_rects:
    - topleft:
        x: x
        y: y
      size:
        x: width
        y: height
standard_draw:
  initial_draw:
    - !DrawRectImage
        texture: 'match ?tiletype { 1 => tiletype, _ => "3" }'
        tiler: '"fg_ignore"'
        bounds:
          topleft:
            x: x
            y: y
          size:
            x: width
            y: height
resizable_x: true
resizable_y: true
minimum_size_x: 8
minimum_size_y: 8
nodes: false
pencil: Rect
attribute_info:
  tiletype:
    ty: String
    default: "3"
      # TODO: fgtiles options
  climbFall:
    display_name: Climb Fall
    ty: Bool
    default: true
  behind:
    display_name: Behind
    ty: Bool
    default: false
  originX:
    ty: Int
    default: 0
    ignore: true
  originY:
    ty: Int
    default: 0
    ignore: true
templates:
  - name: Falling Block
    attributes: {}
